<?xml version="1.0" encoding="utf-8"?>
<Project ToolsVersion="4.0" xmlns="http://schemas.microsoft.com/developer/msbuild/2003">
  <ItemGroup>
    <Filter Include="Source Files">
      <UniqueIdentifier>{4FC737F1-C7A5-4376-A066-2A32D752A2FF}</UniqueIdentifier>
      <Extensions>cpp;c;cc;cxx;def;odl;idl;hpj;bat;asm;asmx</Extensions>
    </Filter>
    <Filter Include="Header Files">
      <UniqueIdentifier>{93995380-89BD-4b04-88EB-625FBE52EBFB}</UniqueIdentifier>
      <Extensions>h;hh;hpp;hxx;hm;inl;inc;xsd</Extensions>
    </Filter>
    <Filter Include="Resource Files">
      <UniqueIdentifier>{67DA6AB6-F800-4c08-8B7A-83BB121AAD01}</UniqueIdentifier>
      <Extensions>rc;ico;cur;bmp;dlg;rc2;rct;bin;rgs;gif;jpg;jpeg;jpe;resx;tiff;tif;png;wav;mfcribbon-ms</Extensions>
    </Filter>
    <Filter Include="Header Files\Core">
      <UniqueIdentifier>{f9a72f56-393a-43be-b90b-a235330940f0}</UniqueIdentifier>
    </Filter>
    <Filter Include="Source Files\Core">
      <UniqueIdentifier>{ffc8d885-5ba3-48a5-ad13-ba0e644e0c2f}</UniqueIdentifier>
    </Filter>
    <Filter Include="Header Files\Util">
      <UniqueIdentifier>{21ad3daa-39ca-4ab6-be89-745025186b22}</UniqueIdentifier>
    </Filter>
    <Filter Include="Source Files\Util">
      <UniqueIdentifier>{e462e276-c578-45ab-9bec-0b3b0570ea75}</UniqueIdentifier>
    </Filter>
    <Filter Include="Header Files\Lua">
      <UniqueIdentifier>{db7933bc-e6b1-421e-8aec-08be9b8805fd}</UniqueIdentifier>
    </Filter>
    <Filter Include="Source Files\Lua">
      <UniqueIdentifier>{930cfa14-aeb6-4ee0-b8b7-7d723075b77f}</UniqueIdentifier>
    </Filter>
    <Filter Include="Header Files\Game">
      <UniqueIdentifier>{070d137f-7092-4cc5-bb18-32d3b853db37}</UniqueIdentifier>
    </Filter>
    <Filter Include="Header Files\Game\Actor">
      <UniqueIdentifier>{4e853873-964d-440b-9e89-f9928f4fb55f}</UniqueIdentifier>
    </Filter>
    <Filter Include="Source Files\Game">
      <UniqueIdentifier>{332d5da3-e9a5-4f19-ba5c-1b308a8a1af7}</UniqueIdentifier>
    </Filter>
    <Filter Include="Source Files\Game\Actor">
      <UniqueIdentifier>{532ed746-4fd9-4524-864c-25e156c49c77}</UniqueIdentifier>
    </Filter>
    <Filter Include="Header Files\Core\Render">
      <UniqueIdentifier>{39f14b5e-db53-45d5-9b56-27053e462fee}</UniqueIdentifier>
    </Filter>
    <Filter Include="Source Files\Core\Render">
      <UniqueIdentifier>{da2f8f41-cacd-434b-8af8-9bd1bd066a6a}</UniqueIdentifier>
    </Filter>
    <Filter Include="Source Files\Game\Scene">
      <UniqueIdentifier>{4355916a-e5b3-4713-b853-516f66c7682e}</UniqueIdentifier>
    </Filter>
    <Filter Include="Header Files\Game\Scene">
      <UniqueIdentifier>{cbe69192-db30-4844-9ef7-580d05099763}</UniqueIdentifier>
    </Filter>
    <Filter Include="Header Files\Util\std">
      <UniqueIdentifier>{52b71469-9655-4ed8-bf47-52dcb24312b0}</UniqueIdentifier>
    </Filter>
    <Filter Include="Source Files\Util\std">
      <UniqueIdentifier>{354b2de4-7919-4aee-af84-8f1163b5c08a}</UniqueIdentifier>
    </Filter>
    <Filter Include="Source Files\Core\Material">
      <UniqueIdentifier>{854ba767-d2bf-4461-bfa1-f2e315a7d82e}</UniqueIdentifier>
    </Filter>
    <Filter Include="Header Files\Core\Material">
      <UniqueIdentifier>{caffe53a-8ca7-4943-b653-1b5042ea2306}</UniqueIdentifier>
    </Filter>
    <Filter Include="Header Files\Core\Asset">
      <UniqueIdentifier>{d698adb7-bdd6-4574-8c08-a03f8969971f}</UniqueIdentifier>
    </Filter>
    <Filter Include="Source Files\Core\Asset">
      <UniqueIdentifier>{19798b4f-0bfb-4cf6-84c5-8092c5a8ca94}</UniqueIdentifier>
    </Filter>
    <Filter Include="Source Files\Core\GUI">
      <UniqueIdentifier>{dcd04f81-7934-44ff-9d05-397f938af9d3}</UniqueIdentifier>
    </Filter>
    <Filter Include="Header Files\Core\GUI">
      <UniqueIdentifier>{58df607b-883d-42f8-8348-7f7bdf18d1a8}</UniqueIdentifier>
    </Filter>
    <Filter Include="Header Files\Core\Input">
      <UniqueIdentifier>{ab7eece4-7c2e-4a00-bb94-c05fdf866574}</UniqueIdentifier>
    </Filter>
    <Filter Include="Source Files\Core\Input">
      <UniqueIdentifier>{b2c4d897-2061-4ec9-935e-247139c82bd8}</UniqueIdentifier>
    </Filter>
    <Filter Include="Header Files\Core\Mesh">
      <UniqueIdentifier>{f2649eef-c5e5-4522-8893-f4b6a7d337ca}</UniqueIdentifier>
    </Filter>
    <Filter Include="Source Files\Core\Mesh">
      <UniqueIdentifier>{43e0f8a3-cac8-440d-983b-5f88769f2f0e}</UniqueIdentifier>
    </Filter>
    <Filter Include="Header Files\Core\Mesh\Animation">
      <UniqueIdentifier>{c960aa62-f614-46b0-b558-9f6e259dce77}</UniqueIdentifier>
    </Filter>
    <Filter Include="Header Files\Core\Mesh\Renderer">
      <UniqueIdentifier>{87d7486e-2801-44be-9f5e-accb0857e282}</UniqueIdentifier>
    </Filter>
  </ItemGroup>
  <ItemGroup>
    <ClInclude Include="Lamp.hpp">
      <Filter>Header Files\Core</Filter>
    </ClInclude>
    <ClInclude Include="LampApplication.hpp">
      <Filter>Header Files\Core</Filter>
    </ClInclude>
    <ClInclude Include="LampEngine.hpp">
      <Filter>Header Files\Core</Filter>
    </ClInclude>
    <ClInclude Include="SDLWrapper.h">
      <Filter>Header Files\Core</Filter>
    </ClInclude>
    <ClInclude Include="targetver.h">
      <Filter>Header Files\Util\std</Filter>
    </ClInclude>
    <ClInclude Include="stdafx.h">
      <Filter>Header Files\Util\std</Filter>
    </ClInclude>
    <ClInclude Include="LampTexture.hpp">
      <Filter>Header Files\Core\Material</Filter>
    </ClInclude>
    <ClInclude Include="LampAssetManager.hpp">
      <Filter>Header Files\Core\Asset</Filter>
    </ClInclude>
    <ClInclude Include="LampPrefix.hpp">
      <Filter>Header Files\Util\std</Filter>
    </ClInclude>
    <ClInclude Include="LampTextureLoader.hpp">
      <Filter>Header Files\Core\Asset</Filter>
    </ClInclude>
    <ClInclude Include="LampWindow.hpp">
      <Filter>Header Files\Core</Filter>
    </ClInclude>
    <ClInclude Include="LampRenderer.hpp">
      <Filter>Header Files\Core\Render</Filter>
    </ClInclude>
    <ClInclude Include="LampTypes.hpp">
      <Filter>Header Files\Util\std</Filter>
    </ClInclude>
    <ClInclude Include="LampCamera.hpp">
      <Filter>Header Files\Game\Scene</Filter>
    </ClInclude>
    <ClInclude Include="LampTransform.hpp">
      <Filter>Header Files\Game\Scene</Filter>
    </ClInclude>
    <ClInclude Include="LampScene.hpp">
      <Filter>Header Files\Game\Scene</Filter>
    </ClInclude>
    <ClInclude Include="LampGameObject.hpp">
      <Filter>Header Files\Game\Scene</Filter>
    </ClInclude>
    <ClInclude Include="LampInput.hpp">
      <Filter>Header Files\Core\Input</Filter>
    </ClInclude>
    <ClInclude Include="LampShader.hpp">
      <Filter>Header Files\Core\Material</Filter>
    </ClInclude>
    <ClInclude Include="LampUtil.hpp">
      <Filter>Header Files\Util</Filter>
    </ClInclude>
    <ClInclude Include="LampShaderParser.hpp">
      <Filter>Header Files\Core\Asset</Filter>
    </ClInclude>
    <ClInclude Include="LampLua.hpp">
      <Filter>Header Files\Lua</Filter>
    </ClInclude>
    <ClInclude Include="LampLuaFunction.hpp">
      <Filter>Header Files\Lua</Filter>
    </ClInclude>
    <ClInclude Include="LampMaterial.hpp">
      <Filter>Header Files\Core\Material</Filter>
    </ClInclude>
    <ClInclude Include="LampMaterialParser.hpp">
      <Filter>Header Files\Core\Asset</Filter>
    </ClInclude>
    <ClInclude Include="LampScriptComponent.hpp">
      <Filter>Header Files\Game\Scene</Filter>
    </ClInclude>
    <ClInclude Include="LampComponent.hpp">
      <Filter>Header Files\Core\GUI</Filter>
    </ClInclude>
    <ClInclude Include="LampGUI.hpp">
      <Filter>Header Files\Core\GUI</Filter>
    </ClInclude>
    <ClInclude Include="LampGUIPainter.hpp">
      <Filter>Header Files\Core\GUI</Filter>
    </ClInclude>
    <ClInclude Include="LampGUIComponents.hpp">
      <Filter>Header Files\Core\GUI</Filter>
    </ClInclude>
    <ClInclude Include="LampFontRenderer.hpp">
      <Filter>Header Files\Core\Render</Filter>
    </ClInclude>
    <ClInclude Include="LampFont.hpp">
      <Filter>Header Files\Core\Render</Filter>
    </ClInclude>
    <ClInclude Include="LampModelLoader.hpp">
      <Filter>Header Files\Core\Asset</Filter>
    </ClInclude>
    <ClInclude Include="LampActor.hpp">
      <Filter>Header Files\Game\Actor</Filter>
    </ClInclude>
    <ClInclude Include="LampMesh.hpp">
      <Filter>Header Files\Core\Mesh</Filter>
    </ClInclude>
    <ClInclude Include="LampModel.hpp">
      <Filter>Header Files\Core\Mesh</Filter>
    </ClInclude>
    <ClInclude Include="LampMWMLoader.hpp">
      <Filter>Header Files\Core\Asset</Filter>
    </ClInclude>
    <ClInclude Include="LampAnimation.hpp">
      <Filter>Header Files\Core\Mesh\Animation</Filter>
    </ClInclude>
    <ClInclude Include="LampSkeletalMeshRenderer.hpp">
      <Filter>Header Files\Core\Mesh\Renderer</Filter>
    </ClInclude>
    <ClInclude Include="LampMeshRenderer.hpp">
      <Filter>Header Files\Core\Mesh\Renderer</Filter>
    </ClInclude>
    <ClInclude Include="LampOBJLoader.hpp">
      <Filter>Header Files\Core\Asset</Filter>
    </ClInclude>
    <ClInclude Include="LampHelpers.hpp">
      <Filter>Header Files\Util\std</Filter>
    </ClInclude>
  </ItemGroup>
  <ItemGroup>
    <ClCompile Include="stdafx.cpp">
      <Filter>Source Files\Util\std</Filter>
    </ClCompile>
    <ClCompile Include="SDLWrapper.cpp">
      <Filter>Source Files\Core</Filter>
    </ClCompile>
    <ClCompile Include="LampEngine.cpp">
      <Filter>Source Files\Core</Filter>
    </ClCompile>
    <ClCompile Include="Lamp.cpp">
      <Filter>Source Files\Core</Filter>
    </ClCompile>
    <ClCompile Include="LampTexture.cpp">
      <Filter>Source Files\Core\Material</Filter>
    </ClCompile>
    <ClCompile Include="LampAssetManager.cpp">
      <Filter>Source Files\Core\Asset</Filter>
    </ClCompile>
    <ClCompile Include="LampRenderer.cpp">
      <Filter>Source Files\Core\Render</Filter>
    </ClCompile>
    <ClCompile Include="LampScene.cpp">
      <Filter>Source Files\Game\Scene</Filter>
    </ClCompile>
    <ClCompile Include="LampGameObject.cpp">
      <Filter>Source Files\Game\Scene</Filter>
    </ClCompile>
    <ClCompile Include="LampCamera.cpp">
      <Filter>Source Files\Game\Scene</Filter>
    </ClCompile>
    <ClCompile Include="LampInput.cpp">
      <Filter>Source Files\Core\Input</Filter>
    </ClCompile>
    <ClCompile Include="LampShader.cpp">
      <Filter>Source Files\Core\Material</Filter>
    </ClCompile>
    <ClCompile Include="LampUtil.cpp">
      <Filter>Source Files\Util</Filter>
    </ClCompile>
    <ClCompile Include="LampShaderParser.cpp">
      <Filter>Source Files\Core\Asset</Filter>
    </ClCompile>
    <ClCompile Include="LampMaterial.cpp">
      <Filter>Source Files\Core\Material</Filter>
    </ClCompile>
    <ClCompile Include="LampLua.cpp">
      <Filter>Source Files\Lua</Filter>
    </ClCompile>
    <ClCompile Include="LampScriptComponent.cpp">
      <Filter>Source Files\Game\Scene</Filter>
    </ClCompile>
    <ClCompile Include="LampComponent.cpp">
      <Filter>Source Files\Core\GUI</Filter>
    </ClCompile>
    <ClCompile Include="LampGUI.cpp">
      <Filter>Source Files\Core\GUI</Filter>
    </ClCompile>
    <ClCompile Include="LampGUIPainter.cpp">
      <Filter>Source Files\Core\GUI</Filter>
    </ClCompile>
    <ClCompile Include="LampFontRenderer.cpp">
      <Filter>Source Files\Core\Render</Filter>
    </ClCompile>
    <ClCompile Include="LampTypes.cpp">
      <Filter>Source Files\Util\std</Filter>
    </ClCompile>
    <ClCompile Include="LampModelLoader.cpp">
      <Filter>Source Files\Core\Asset</Filter>
    </ClCompile>
    <ClCompile Include="LampActor.cpp">
      <Filter>Source Files\Game\Actor</Filter>
    </ClCompile>
    <ClCompile Include="LampMesh.cpp">
      <Filter>Source Files\Core\Mesh</Filter>
    </ClCompile>
    <ClCompile Include="LampSkeleton.cpp">
      <Filter>Source Files\Core\Mesh</Filter>
    </ClCompile>
    <ClCompile Include="LampMWMLoader.cpp">
      <Filter>Source Files\Core\Asset</Filter>
    </ClCompile>
  </ItemGroup>
  <ItemGroup>
    <None Include="LampSkeleton.hpp">
      <Filter>Header Files\Core\Mesh\Animation</Filter>
    </None>
  </ItemGroup>
</Project>