<?xml version="1.0" encoding="utf-8"?>
<Project ToolsVersion="4.0" xmlns="http://schemas.microsoft.com/developer/msbuild/2003">
  <ItemGroup>
    <Filter Include="Source Files">
      <UniqueIdentifier>{4FC737F1-C7A5-4376-A066-2A32D752A2FF}</UniqueIdentifier>
      <Extensions>cpp;c;cc;cxx;def;odl;idl;hpj;bat;asm;asmx</Extensions>
    </Filter>
    <Filter Include="Header Files">
      <UniqueIdentifier>{93995380-89BD-4b04-88EB-625FBE52EBFB}</UniqueIdentifier>
      <Extensions>h;hh;hpp;hxx;hm;inl;inc;xsd</Extensions>
    </Filter>
    <Filter Include="Resource Files">
      <UniqueIdentifier>{67DA6AB6-F800-4c08-8B7A-83BB121AAD01}</UniqueIdentifier>
      <Extensions>rc;ico;cur;bmp;dlg;rc2;rct;bin;rgs;gif;jpg;jpeg;jpe;resx;tiff;tif;png;wav;mfcribbon-ms</Extensions>
    </Filter>
    <Filter Include="Header Files\Core">
      <UniqueIdentifier>{f9a72f56-393a-43be-b90b-a235330940f0}</UniqueIdentifier>
    </Filter>
    <Filter Include="Header Files\std">
      <UniqueIdentifier>{52b71469-9655-4ed8-bf47-52dcb24312b0}</UniqueIdentifier>
    </Filter>
    <Filter Include="Source Files\std">
      <UniqueIdentifier>{354b2de4-7919-4aee-af84-8f1163b5c08a}</UniqueIdentifier>
    </Filter>
    <Filter Include="Source Files\Core">
      <UniqueIdentifier>{ffc8d885-5ba3-48a5-ad13-ba0e644e0c2f}</UniqueIdentifier>
    </Filter>
    <Filter Include="Header Files\Asset">
      <UniqueIdentifier>{d698adb7-bdd6-4574-8c08-a03f8969971f}</UniqueIdentifier>
    </Filter>
    <Filter Include="Source Files\Asset">
      <UniqueIdentifier>{19798b4f-0bfb-4cf6-84c5-8092c5a8ca94}</UniqueIdentifier>
    </Filter>
    <Filter Include="Header Files\Material">
      <UniqueIdentifier>{caffe53a-8ca7-4943-b653-1b5042ea2306}</UniqueIdentifier>
    </Filter>
    <Filter Include="Source Files\Material">
      <UniqueIdentifier>{854ba767-d2bf-4461-bfa1-f2e315a7d82e}</UniqueIdentifier>
    </Filter>
    <Filter Include="Header Files\Render">
      <UniqueIdentifier>{39f14b5e-db53-45d5-9b56-27053e462fee}</UniqueIdentifier>
    </Filter>
    <Filter Include="Source Files\Render">
      <UniqueIdentifier>{da2f8f41-cacd-434b-8af8-9bd1bd066a6a}</UniqueIdentifier>
    </Filter>
    <Filter Include="Source Files\Geometry">
      <UniqueIdentifier>{b3138a88-e2b9-4ccc-8291-64b8f3bbca0c}</UniqueIdentifier>
    </Filter>
    <Filter Include="Header Files\Geometry">
      <UniqueIdentifier>{46401e0c-6a9d-4679-8fbc-fd982ff0d583}</UniqueIdentifier>
    </Filter>
    <Filter Include="Header Files\Scene">
      <UniqueIdentifier>{cbe69192-db30-4844-9ef7-580d05099763}</UniqueIdentifier>
    </Filter>
    <Filter Include="Source Files\Scene">
      <UniqueIdentifier>{4355916a-e5b3-4713-b853-516f66c7682e}</UniqueIdentifier>
    </Filter>
  </ItemGroup>
  <ItemGroup>
    <ClInclude Include="Lamp.hpp">
      <Filter>Header Files\Core</Filter>
    </ClInclude>
    <ClInclude Include="LampApplication.hpp">
      <Filter>Header Files\Core</Filter>
    </ClInclude>
    <ClInclude Include="LampEngine.hpp">
      <Filter>Header Files\Core</Filter>
    </ClInclude>
    <ClInclude Include="SDLWrapper.h">
      <Filter>Header Files\Core</Filter>
    </ClInclude>
    <ClInclude Include="targetver.h">
      <Filter>Header Files\std</Filter>
    </ClInclude>
    <ClInclude Include="stdafx.h">
      <Filter>Header Files\std</Filter>
    </ClInclude>
    <ClInclude Include="LampTexture.hpp">
      <Filter>Header Files\Material</Filter>
    </ClInclude>
    <ClInclude Include="LampAssetManager.hpp">
      <Filter>Header Files\Asset</Filter>
    </ClInclude>
    <ClInclude Include="LampPrefix.hpp">
      <Filter>Header Files\std</Filter>
    </ClInclude>
    <ClInclude Include="LampTextureLoader.hpp">
      <Filter>Header Files\Asset</Filter>
    </ClInclude>
    <ClInclude Include="LampWindow.hpp">
      <Filter>Header Files\Core</Filter>
    </ClInclude>
    <ClInclude Include="LampRenderer.hpp">
      <Filter>Header Files\Render</Filter>
    </ClInclude>
    <ClInclude Include="LampTypes.hpp">
      <Filter>Header Files\std</Filter>
    </ClInclude>
    <ClInclude Include="LampMesh.hpp">
      <Filter>Header Files\Geometry</Filter>
    </ClInclude>
    <ClInclude Include="LampCamera.hpp">
      <Filter>Header Files\Scene</Filter>
    </ClInclude>
    <ClInclude Include="LampTransform.hpp">
      <Filter>Header Files\Scene</Filter>
    </ClInclude>
    <ClInclude Include="LampScene.hpp">
      <Filter>Header Files\Scene</Filter>
    </ClInclude>
    <ClInclude Include="LampGameObject.hpp">
      <Filter>Header Files\Scene</Filter>
    </ClInclude>
  </ItemGroup>
  <ItemGroup>
    <ClCompile Include="stdafx.cpp">
      <Filter>Source Files\std</Filter>
    </ClCompile>
    <ClCompile Include="SDLWrapper.cpp">
      <Filter>Source Files\Core</Filter>
    </ClCompile>
    <ClCompile Include="LampEngine.cpp">
      <Filter>Source Files\Core</Filter>
    </ClCompile>
    <ClCompile Include="Lamp.cpp">
      <Filter>Source Files\Core</Filter>
    </ClCompile>
    <ClCompile Include="LampTexture.cpp">
      <Filter>Source Files\Material</Filter>
    </ClCompile>
    <ClCompile Include="LampAssetManager.cpp">
      <Filter>Source Files\Asset</Filter>
    </ClCompile>
    <ClCompile Include="LampRenderer.cpp">
      <Filter>Source Files\Render</Filter>
    </ClCompile>
    <ClCompile Include="LampMesh.cpp">
      <Filter>Source Files\Geometry</Filter>
    </ClCompile>
    <ClCompile Include="LampScene.cpp">
      <Filter>Source Files\Scene</Filter>
    </ClCompile>
    <ClCompile Include="LampGameObject.cpp">
      <Filter>Source Files\Scene</Filter>
    </ClCompile>
  </ItemGroup>
</Project>